
Microsoft Visual Studio Solution File, Format Version 12.00
# Visual Studio Version 16
VisualStudioVersion = 16.0.31702.278
MinimumVisualStudioVersion = 10.0.40219.1
Project("{FAE04EC0-301F-11D3-BF4B-00C04F79EFBC}") = "Functsions", "Functsions\Functsions.csproj", "{9BB59A23-D1DE-41DE-B9DC-10C225816020}"
EndProject
Project("{FAE04EC0-301F-11D3-BF4B-00C04F79EFBC}") = "UserNameData", "UserNameData\UserNameData.csproj", "{92F9468D-89FF-478C-8C55-4E00D3BA9E96}"
EndProject
Project("{FAE04EC0-301F-11D3-BF4B-00C04F79EFBC}") = "UserNameDataTask", "UserNameDataTask\UserNameDataTask.csproj", "{35E7893F-7E61-40DD-82E1-C39517410B2A}"
EndProject
Global
	GlobalSection(SolutionConfigurationPlatforms) = preSolution
		Debug|Any CPU = Debug|Any CPU
		Release|Any CPU = Release|Any CPU
	EndGlobalSection
	GlobalSection(ProjectConfigurationPlatforms) = postSolution
		{9BB59A23-D1DE-41DE-B9DC-10C225816020}.Debug|Any CPU.ActiveCfg = Debug|Any CPU
		{9BB59A23-D1DE-41DE-B9DC-10C225816020}.Debug|Any CPU.Build.0 = Debug|Any CPU
		{9BB59A23-D1DE-41DE-B9DC-10C225816020}.Release|Any CPU.ActiveCfg = Release|Any CPU
		{9BB59A23-D1DE-41DE-B9DC-10C225816020}.Release|Any CPU.Build.0 = Release|Any CPU
		{92F9468D-89FF-478C-8C55-4E00D3BA9E96}.Debug|Any CPU.ActiveCfg = Debug|Any CPU
		{92F9468D-89FF-478C-8C55-4E00D3BA9E96}.Debug|Any CPU.Build.0 = Debug|Any CPU
		{92F9468D-89FF-478C-8C55-4E00D3BA9E96}.Release|Any CPU.ActiveCfg = Release|Any CPU
		{92F9468D-89FF-478C-8C55-4E00D3BA9E96}.Release|Any CPU.Build.0 = Release|Any CPU
		{35E7893F-7E61-40DD-82E1-C39517410B2A}.Debug|Any CPU.ActiveCfg = Debug|Any CPU
		{35E7893F-7E61-40DD-82E1-C39517410B2A}.Debug|Any CPU.Build.0 = Debug|Any CPU
		{35E7893F-7E61-40DD-82E1-C39517410B2A}.Release|Any CPU.ActiveCfg = Release|Any CPU
		{35E7893F-7E61-40DD-82E1-C39517410B2A}.Release|Any CPU.Build.0 = Release|Any CPU
	EndGlobalSection
	GlobalSection(SolutionProperties) = preSolution
		HideSolutionNode = FALSE
	EndGlobalSection
	GlobalSection(ExtensibilityGlobals) = postSolution
		SolutionGuid = {E1E9FB7C-6F0A-494F-86C5-0088F8DA8152}
	EndGlobalSection
EndGlobal
